
Microsoft Visual Studio Solution File, Format Version 12.00
# Visual Studio Version 17
VisualStudioVersion = 17.13.35931.197 d17.13
MinimumVisualStudioVersion = 10.0.40219.1
Project("{FAE04EC0-301F-11D3-BF4B-00C04F79EFBC}") = "DemoDapperPlus", "DemoDapperPlus\DemoDapperPlus.csproj", "{B5064C4B-FE5E-4E90-8862-323D8FE97B8A}"
EndProject
Global
	GlobalSection(SolutionConfigurationPlatforms) = preSolution
		Debug|Any CPU = Debug|Any CPU
		Release|Any CPU = Release|Any CPU
	EndGlobalSection
	GlobalSection(ProjectConfigurationPlatforms) = postSolution
		{B5064C4B-FE5E-4E90-8862-323D8FE97B8A}.Debug|Any CPU.ActiveCfg = Debug|Any CPU
		{B5064C4B-FE5E-4E90-8862-323D8FE97B8A}.Debug|Any CPU.Build.0 = Debug|Any CPU
		{B5064C4B-FE5E-4E90-8862-323D8FE97B8A}.Release|Any CPU.ActiveCfg = Release|Any CPU
		{B5064C4B-FE5E-4E90-8862-323D8FE97B8A}.Release|Any CPU.Build.0 = Release|Any CPU
	EndGlobalSection
	GlobalSection(SolutionProperties) = preSolution
		HideSolutionNode = FALSE
	EndGlobalSection
	GlobalSection(ExtensibilityGlobals) = postSolution
		SolutionGuid = {86F74F96-A252-47A1-B1C6-5F79D6105E8B}
	EndGlobalSection
EndGlobal
